{
  "pins" : [
    {
      "identity" : "onesignal-xcframework",
      "kind" : "remoteSourceControl",
      "location" : "https://github.com/OneSignal/OneSignal-XCFramework",
      "state" : {
        "revision" : "befe5b59232a6d8752ad3ae49bd2f86474dff932",
        "version" : "5.5.6"
      }
    },
    {
      "identity" : "purchases-hybrid-common",
      "kind" : "remoteSourceControl",
      "location" : "https://github.com/RevenueCat/purchases-hybrid-common.git",
      "state" : {
        "revision" : "1ddfae809003768d49bbfd30b008b29181ce4cb1",
        "version" : "18.33.1"
      }
    },
    {
      "identity" : "purchases-ios-spm",
      "kind" : "remoteSourceControl",
      "location" : "https://github.com/RevenueCat/purchases-ios-spm",
      "state" : {
        "revision" : "b65cae4f227be800c57cb9700dbd94f2aa5409b2",
        "version" : "5.87.1"
      }
    },
    {
      "identity" : "sentry-cocoa",
      "kind" : "remoteSourceControl",
      "location" : "https://github.com/getsentry/sentry-cocoa",
      "state" : {
        "revision" : "f196cbb98e0388381d57908f2f5a9bdc385cde68",
        "version" : "8.58.4"
      }
    }
  ],
  "version" : 2
}
